
Microsoft Visual Studio Solution File, Format Version 12.00
# Visual Studio 2012
Project("{FAE04EC0-301F-11D3-BF4B-00C04F79EFBC}") = "Schedule.API", "Schedule.API\Schedule.API.csproj", "{EA3E213F-5730-4232-BF4C-09068467EB96}"
EndProject
Global
	GlobalSection(SolutionConfigurationPlatforms) = preSolution
		Debug|Any CPU = Debug|Any CPU
		Release|Any CPU = Release|Any CPU
	EndGlobalSection
	GlobalSection(ProjectConfigurationPlatforms) = postSolution
		{EA3E213F-5730-4232-BF4C-09068467EB96}.Debug|Any CPU.ActiveCfg = Debug|Any CPU
		{EA3E213F-5730-4232-BF4C-09068467EB96}.Debug|Any CPU.Build.0 = Debug|Any CPU
		{EA3E213F-5730-4232-BF4C-09068467EB96}.Release|Any CPU.ActiveCfg = Release|Any CPU
		{EA3E213F-5730-4232-BF4C-09068467EB96}.Release|Any CPU.Build.0 = Release|Any CPU
	EndGlobalSection
	GlobalSection(SolutionProperties) = preSolution
		HideSolutionNode = FALSE
	EndGlobalSection
	GlobalSection(MonoDevelopProperties) = preSolution
		StartupItem = Schedule.API\Schedule.API.csproj
	EndGlobalSection
EndGlobal
