
Microsoft Visual Studio Solution File, Format Version 12.00
# Visual Studio 2012
Project("{FAE04EC0-301F-11D3-BF4B-00C04F79EFBC}") = "Schedules.API", "Schedules.API\Schedules.API.csproj", "{EA3E213F-5730-4232-BF4C-09068467EB96}"
EndProject
Project("{FAE04EC0-301F-11D3-BF4B-00C04F79EFBC}") = "Schedules.API.Tests", "Schedules.API.Tests\Schedules.API.Tests.csproj", "{F7925F81-7893-480C-84BA-202F9BB451ED}"
EndProject
Global
	GlobalSection(SolutionConfigurationPlatforms) = preSolution
		Debug|Any CPU = Debug|Any CPU
		Release|Any CPU = Release|Any CPU
	EndGlobalSection
	GlobalSection(ProjectConfigurationPlatforms) = postSolution
		{EA3E213F-5730-4232-BF4C-09068467EB96}.Debug|Any CPU.ActiveCfg = Debug|Any CPU
		{EA3E213F-5730-4232-BF4C-09068467EB96}.Debug|Any CPU.Build.0 = Debug|Any CPU
		{EA3E213F-5730-4232-BF4C-09068467EB96}.Release|Any CPU.ActiveCfg = Release|Any CPU
		{EA3E213F-5730-4232-BF4C-09068467EB96}.Release|Any CPU.Build.0 = Release|Any CPU
		{F7925F81-7893-480C-84BA-202F9BB451ED}.Debug|Any CPU.ActiveCfg = Debug|Any CPU
		{F7925F81-7893-480C-84BA-202F9BB451ED}.Debug|Any CPU.Build.0 = Debug|Any CPU
		{F7925F81-7893-480C-84BA-202F9BB451ED}.Release|Any CPU.ActiveCfg = Release|Any CPU
		{F7925F81-7893-480C-84BA-202F9BB451ED}.Release|Any CPU.Build.0 = Release|Any CPU
	EndGlobalSection
	GlobalSection(MonoDevelopProperties) = preSolution
		StartupItem = Schedules.API\Schedules.API.csproj
		Policies = $0
		$0.DotNetNamingPolicy = $1
		$1.DirectoryNamespaceAssociation = None
		$1.ResourceNamePolicy = FileFormatDefault
		$0.TextStylePolicy = $2
		$2.inheritsSet = null
		$2.scope = application/config+xml
		$0.XmlFormattingPolicy = $3
		$3.inheritsSet = null
		$3.scope = application/config+xml
		$0.TextStylePolicy = $4
		$4.inheritsSet = null
		$4.scope = application/xml
		$0.XmlFormattingPolicy = $5
		$5.inheritsSet = Mono
		$5.inheritsScope = application/xml
		$5.scope = application/xml
		$0.TextStylePolicy = $6
		$6.FileWidth = 120
		$6.TabWidth = 2
		$6.IndentWidth = 2
		$6.inheritsSet = VisualStudio
		$6.inheritsScope = text/plain
		$6.scope = text/plain
		$0.TextStylePolicy = $7
		$7.inheritsSet = null
		$7.scope = text/x-csharp
		$0.CSharpFormattingPolicy = $8
		$8.IndentSwitchBody = True
		$8.AutoPropertyFormatting = ForceOneLine
		$8.ConstructorBraceStyle = DoNotChange
		$8.EmbeddedStatementPlacement = DoNotCare
		$8.BeforeMethodCallParentheses = False
		$8.AfterDelegateDeclarationParameterComma = True
		$8.SpacesBeforeBrackets = False
		$8.AlignToFirstMethodCallArgument = True
		$8.AlignToFirstIndexerArgument = True
		$8.inheritsSet = Mono
		$8.inheritsScope = text/x-csharp
		$8.scope = text/x-csharp
	EndGlobalSection
    GlobalSection(SolutionProperties) = preSolution
        HideSolutionNode = FALSE
    EndGlobalSection
EndGlobal
